
Microsoft Visual Studio Solution File, Format Version 12.00
# Visual Studio Version 16
VisualStudioVersion = 16.0.31005.135
MinimumVisualStudioVersion = 10.0.40219.1
Project("{9A19103F-16F7-4668-BE54-9A1E7A4F7556}") = "Models", "Models\Models.csproj", "{57D20ACE-158D-4D48-9063-12C52BF1A36A}"
EndProject
Project("{9A19103F-16F7-4668-BE54-9A1E7A4F7556}") = "Date", "Date\Date.csproj", "{98BFEE81-B742-4FB8-B41C-F625E33FF02E}"
EndProject
Project("{9A19103F-16F7-4668-BE54-9A1E7A4F7556}") = "Services", "Services\Services.csproj", "{F4C2ABB4-164F-43F0-B505-54C7546C3179}"
EndProject
Project("{9A19103F-16F7-4668-BE54-9A1E7A4F7556}") = "AppServer", "AppServer\AppServer.csproj", "{438D1E2C-26EC-45D9-B6D4-3017DB7B1E73}"
EndProject
Global
	GlobalSection(SolutionConfigurationPlatforms) = preSolution
		Debug|Any CPU = Debug|Any CPU
		Release|Any CPU = Release|Any CPU
	EndGlobalSection
	GlobalSection(ProjectConfigurationPlatforms) = postSolution
		{57D20ACE-158D-4D48-9063-12C52BF1A36A}.Debug|Any CPU.ActiveCfg = Debug|Any CPU
		{57D20ACE-158D-4D48-9063-12C52BF1A36A}.Debug|Any CPU.Build.0 = Debug|Any CPU
		{57D20ACE-158D-4D48-9063-12C52BF1A36A}.Release|Any CPU.ActiveCfg = Release|Any CPU
		{57D20ACE-158D-4D48-9063-12C52BF1A36A}.Release|Any CPU.Build.0 = Release|Any CPU
		{98BFEE81-B742-4FB8-B41C-F625E33FF02E}.Debug|Any CPU.ActiveCfg = Debug|Any CPU
		{98BFEE81-B742-4FB8-B41C-F625E33FF02E}.Debug|Any CPU.Build.0 = Debug|Any CPU
		{98BFEE81-B742-4FB8-B41C-F625E33FF02E}.Release|Any CPU.ActiveCfg = Release|Any CPU
		{98BFEE81-B742-4FB8-B41C-F625E33FF02E}.Release|Any CPU.Build.0 = Release|Any CPU
		{F4C2ABB4-164F-43F0-B505-54C7546C3179}.Debug|Any CPU.ActiveCfg = Debug|Any CPU
		{F4C2ABB4-164F-43F0-B505-54C7546C3179}.Debug|Any CPU.Build.0 = Debug|Any CPU
		{F4C2ABB4-164F-43F0-B505-54C7546C3179}.Release|Any CPU.ActiveCfg = Release|Any CPU
		{F4C2ABB4-164F-43F0-B505-54C7546C3179}.Release|Any CPU.Build.0 = Release|Any CPU
		{438D1E2C-26EC-45D9-B6D4-3017DB7B1E73}.Debug|Any CPU.ActiveCfg = Debug|Any CPU
		{438D1E2C-26EC-45D9-B6D4-3017DB7B1E73}.Debug|Any CPU.Build.0 = Debug|Any CPU
		{438D1E2C-26EC-45D9-B6D4-3017DB7B1E73}.Release|Any CPU.ActiveCfg = Release|Any CPU
		{438D1E2C-26EC-45D9-B6D4-3017DB7B1E73}.Release|Any CPU.Build.0 = Release|Any CPU
	EndGlobalSection
	GlobalSection(SolutionProperties) = preSolution
		HideSolutionNode = FALSE
	EndGlobalSection
	GlobalSection(ExtensibilityGlobals) = postSolution
		SolutionGuid = {772E1488-9BC9-48EF-BFF4-8835116FEBDF}
	EndGlobalSection
EndGlobal
